
Microsoft Visual Studio Solution File, Format Version 10.00
# Visual Studio 2008
Project("{FAE04EC0-301F-11D3-BF4B-00C04F79EFBC}") = "Karaokidex", "Karaokidex\Karaokidex.csproj", "{14ABB76C-E47F-4C17-A85E-61D27D618439}"
	ProjectSection(ProjectDependencies) = postProject
		{3844D793-A372-45E5-A170-52A659128727} = {3844D793-A372-45E5-A170-52A659128727}
	EndProjectSection
EndProject
Project("{FAE04EC0-301F-11D3-BF4B-00C04F79EFBC}") = "KaraokidexUACElevationCheckHelper", "KaraokidexUACElevationCheckHelper\KaraokidexUACElevationCheckHelper.csproj", "{3844D793-A372-45E5-A170-52A659128727}"
EndProject
Global
	GlobalSection(SolutionConfigurationPlatforms) = preSolution
		Debug|Any CPU = Debug|Any CPU
		Release|Any CPU = Release|Any CPU
	EndGlobalSection
	GlobalSection(ProjectConfigurationPlatforms) = postSolution
		{14ABB76C-E47F-4C17-A85E-61D27D618439}.Debug|Any CPU.ActiveCfg = Debug|Any CPU
		{14ABB76C-E47F-4C17-A85E-61D27D618439}.Debug|Any CPU.Build.0 = Debug|Any CPU
		{14ABB76C-E47F-4C17-A85E-61D27D618439}.Release|Any CPU.ActiveCfg = Release|Any CPU
		{14ABB76C-E47F-4C17-A85E-61D27D618439}.Release|Any CPU.Build.0 = Release|Any CPU
		{3844D793-A372-45E5-A170-52A659128727}.Debug|Any CPU.ActiveCfg = Debug|Any CPU
		{3844D793-A372-45E5-A170-52A659128727}.Debug|Any CPU.Build.0 = Debug|Any CPU
		{3844D793-A372-45E5-A170-52A659128727}.Release|Any CPU.ActiveCfg = Release|Any CPU
		{3844D793-A372-45E5-A170-52A659128727}.Release|Any CPU.Build.0 = Release|Any CPU
	EndGlobalSection
	GlobalSection(SolutionProperties) = preSolution
		HideSolutionNode = FALSE
	EndGlobalSection
EndGlobal
